
Microsoft Visual Studio Solution File, Format Version 12.00
# Visual Studio 15
VisualStudioVersion = 15.0.28010.0
MinimumVisualStudioVersion = 10.0.40219.1
Project("{2150E333-8FDC-42A3-9474-1A3956D46DE8}") = "01快速入门", "01快速入门", "{AB1E65DC-C332-4EC8-8698-3638053A0398}"
EndProject
Project("{2150E333-8FDC-42A3-9474-1A3956D46DE8}") = "02分布式项目实战", "02分布式项目实战", "{5AE226A8-2A68-413C-80D7-A7C9AFC3A211}"
EndProject
Project("{9A19103F-16F7-4668-BE54-9A1E7A4F7556}") = "MvcCookieAuthSample", "MvcCookieAuthSample\MvcCookieAuthSample.csproj", "{8D503B1A-9984-42F4-9CDF-F60600BF9BBA}"
EndProject
Project("{9A19103F-16F7-4668-BE54-9A1E7A4F7556}") = "JwtAuthSample", "JwtAuthSample\JwtAuthSample.csproj", "{1B9A0EBF-5AB8-4C7D-A66F-4D64D467B0AB}"
EndProject
Project("{9A19103F-16F7-4668-BE54-9A1E7A4F7556}") = "JwtMyAuthSample", "JwtMyAuthSample\JwtMyAuthSample.csproj", "{E86A0395-44F3-49AD-95BA-57C834C775F0}"
EndProject
Project("{9A19103F-16F7-4668-BE54-9A1E7A4F7556}") = "IdentitySample", "IdentitySample\IdentitySample.csproj", "{EA7C5745-5F13-4685-A5F7-3257E19E9032}"
EndProject
Project("{9A19103F-16F7-4668-BE54-9A1E7A4F7556}") = "MvcCookieAuthSample2", "MvcCookieAuthSample2\MvcCookieAuthSample2.csproj", "{D3C1D4D5-BC75-4ED8-8384-ED1706498AA8}"
EndProject
Project("{9A19103F-16F7-4668-BE54-9A1E7A4F7556}") = "IdentityServerSample", "IdentityServerSample\IdentityServerSample.csproj", "{095BE1A7-8C91-4027-80B9-674EEA7C0622}"
EndProject
Project("{9A19103F-16F7-4668-BE54-9A1E7A4F7556}") = "ClientCredentialApi", "ClientCredentialApi\ClientCredentialApi.csproj", "{BD19AF15-4445-46D7-AFA4-EF10111BE06C}"
EndProject
Project("{9A19103F-16F7-4668-BE54-9A1E7A4F7556}") = "ThirdPartyDemo", "ThirdPartyDemo\ThirdPartyDemo.csproj", "{2E97F75B-EFDB-4707-87E1-111FE289571E}"
EndProject
Project("{2150E333-8FDC-42A3-9474-1A3956D46DE8}") = "01客户端模式", "01客户端模式", "{B33E92AE-83B1-4AEE-8224-F8F9340AD278}"
EndProject
Project("{2150E333-8FDC-42A3-9474-1A3956D46DE8}") = "02密码模式", "02密码模式", "{44BB3401-6CC8-4AFF-9854-CE8D37225BF7}"
EndProject
Project("{9A19103F-16F7-4668-BE54-9A1E7A4F7556}") = "IdentityServerSample2", "IdentityServerSample2\IdentityServerSample2.csproj", "{E34FDED9-FBED-4B21-A737-1C08870A1D47}"
EndProject
Project("{FAE04EC0-301F-11D3-BF4B-00C04F79EFBC}") = "ThirdPartyDemo2", "ThirdPartyDemo2\ThirdPartyDemo2.csproj", "{C1A158C1-111C-4F40-BCD8-C9B812868A0E}"
EndProject
Global
	GlobalSection(SolutionConfigurationPlatforms) = preSolution
		Debug|Any CPU = Debug|Any CPU
		Release|Any CPU = Release|Any CPU
	EndGlobalSection
	GlobalSection(ProjectConfigurationPlatforms) = postSolution
		{8D503B1A-9984-42F4-9CDF-F60600BF9BBA}.Debug|Any CPU.ActiveCfg = Debug|Any CPU
		{8D503B1A-9984-42F4-9CDF-F60600BF9BBA}.Debug|Any CPU.Build.0 = Debug|Any CPU
		{8D503B1A-9984-42F4-9CDF-F60600BF9BBA}.Release|Any CPU.ActiveCfg = Release|Any CPU
		{8D503B1A-9984-42F4-9CDF-F60600BF9BBA}.Release|Any CPU.Build.0 = Release|Any CPU
		{1B9A0EBF-5AB8-4C7D-A66F-4D64D467B0AB}.Debug|Any CPU.ActiveCfg = Debug|Any CPU
		{1B9A0EBF-5AB8-4C7D-A66F-4D64D467B0AB}.Debug|Any CPU.Build.0 = Debug|Any CPU
		{1B9A0EBF-5AB8-4C7D-A66F-4D64D467B0AB}.Release|Any CPU.ActiveCfg = Release|Any CPU
		{1B9A0EBF-5AB8-4C7D-A66F-4D64D467B0AB}.Release|Any CPU.Build.0 = Release|Any CPU
		{E86A0395-44F3-49AD-95BA-57C834C775F0}.Debug|Any CPU.ActiveCfg = Debug|Any CPU
		{E86A0395-44F3-49AD-95BA-57C834C775F0}.Debug|Any CPU.Build.0 = Debug|Any CPU
		{E86A0395-44F3-49AD-95BA-57C834C775F0}.Release|Any CPU.ActiveCfg = Release|Any CPU
		{E86A0395-44F3-49AD-95BA-57C834C775F0}.Release|Any CPU.Build.0 = Release|Any CPU
		{EA7C5745-5F13-4685-A5F7-3257E19E9032}.Debug|Any CPU.ActiveCfg = Debug|Any CPU
		{EA7C5745-5F13-4685-A5F7-3257E19E9032}.Debug|Any CPU.Build.0 = Debug|Any CPU
		{EA7C5745-5F13-4685-A5F7-3257E19E9032}.Release|Any CPU.ActiveCfg = Release|Any CPU
		{EA7C5745-5F13-4685-A5F7-3257E19E9032}.Release|Any CPU.Build.0 = Release|Any CPU
		{D3C1D4D5-BC75-4ED8-8384-ED1706498AA8}.Debug|Any CPU.ActiveCfg = Debug|Any CPU
		{D3C1D4D5-BC75-4ED8-8384-ED1706498AA8}.Debug|Any CPU.Build.0 = Debug|Any CPU
		{D3C1D4D5-BC75-4ED8-8384-ED1706498AA8}.Release|Any CPU.ActiveCfg = Release|Any CPU
		{D3C1D4D5-BC75-4ED8-8384-ED1706498AA8}.Release|Any CPU.Build.0 = Release|Any CPU
		{095BE1A7-8C91-4027-80B9-674EEA7C0622}.Debug|Any CPU.ActiveCfg = Debug|Any CPU
		{095BE1A7-8C91-4027-80B9-674EEA7C0622}.Debug|Any CPU.Build.0 = Debug|Any CPU
		{095BE1A7-8C91-4027-80B9-674EEA7C0622}.Release|Any CPU.ActiveCfg = Release|Any CPU
		{095BE1A7-8C91-4027-80B9-674EEA7C0622}.Release|Any CPU.Build.0 = Release|Any CPU
		{BD19AF15-4445-46D7-AFA4-EF10111BE06C}.Debug|Any CPU.ActiveCfg = Debug|Any CPU
		{BD19AF15-4445-46D7-AFA4-EF10111BE06C}.Debug|Any CPU.Build.0 = Debug|Any CPU
		{BD19AF15-4445-46D7-AFA4-EF10111BE06C}.Release|Any CPU.ActiveCfg = Release|Any CPU
		{BD19AF15-4445-46D7-AFA4-EF10111BE06C}.Release|Any CPU.Build.0 = Release|Any CPU
		{2E97F75B-EFDB-4707-87E1-111FE289571E}.Debug|Any CPU.ActiveCfg = Debug|Any CPU
		{2E97F75B-EFDB-4707-87E1-111FE289571E}.Debug|Any CPU.Build.0 = Debug|Any CPU
		{2E97F75B-EFDB-4707-87E1-111FE289571E}.Release|Any CPU.ActiveCfg = Release|Any CPU
		{2E97F75B-EFDB-4707-87E1-111FE289571E}.Release|Any CPU.Build.0 = Release|Any CPU
		{E34FDED9-FBED-4B21-A737-1C08870A1D47}.Debug|Any CPU.ActiveCfg = Debug|Any CPU
		{E34FDED9-FBED-4B21-A737-1C08870A1D47}.Debug|Any CPU.Build.0 = Debug|Any CPU
		{E34FDED9-FBED-4B21-A737-1C08870A1D47}.Release|Any CPU.ActiveCfg = Release|Any CPU
		{E34FDED9-FBED-4B21-A737-1C08870A1D47}.Release|Any CPU.Build.0 = Release|Any CPU
		{C1A158C1-111C-4F40-BCD8-C9B812868A0E}.Debug|Any CPU.ActiveCfg = Debug|Any CPU
		{C1A158C1-111C-4F40-BCD8-C9B812868A0E}.Debug|Any CPU.Build.0 = Debug|Any CPU
		{C1A158C1-111C-4F40-BCD8-C9B812868A0E}.Release|Any CPU.ActiveCfg = Release|Any CPU
		{C1A158C1-111C-4F40-BCD8-C9B812868A0E}.Release|Any CPU.Build.0 = Release|Any CPU
	EndGlobalSection
	GlobalSection(SolutionProperties) = preSolution
		HideSolutionNode = FALSE
	EndGlobalSection
	GlobalSection(NestedProjects) = preSolution
		{8D503B1A-9984-42F4-9CDF-F60600BF9BBA} = {AB1E65DC-C332-4EC8-8698-3638053A0398}
		{1B9A0EBF-5AB8-4C7D-A66F-4D64D467B0AB} = {AB1E65DC-C332-4EC8-8698-3638053A0398}
		{E86A0395-44F3-49AD-95BA-57C834C775F0} = {AB1E65DC-C332-4EC8-8698-3638053A0398}
		{EA7C5745-5F13-4685-A5F7-3257E19E9032} = {AB1E65DC-C332-4EC8-8698-3638053A0398}
		{D3C1D4D5-BC75-4ED8-8384-ED1706498AA8} = {AB1E65DC-C332-4EC8-8698-3638053A0398}
		{095BE1A7-8C91-4027-80B9-674EEA7C0622} = {B33E92AE-83B1-4AEE-8224-F8F9340AD278}
		{BD19AF15-4445-46D7-AFA4-EF10111BE06C} = {B33E92AE-83B1-4AEE-8224-F8F9340AD278}
		{2E97F75B-EFDB-4707-87E1-111FE289571E} = {B33E92AE-83B1-4AEE-8224-F8F9340AD278}
		{B33E92AE-83B1-4AEE-8224-F8F9340AD278} = {5AE226A8-2A68-413C-80D7-A7C9AFC3A211}
		{44BB3401-6CC8-4AFF-9854-CE8D37225BF7} = {5AE226A8-2A68-413C-80D7-A7C9AFC3A211}
		{E34FDED9-FBED-4B21-A737-1C08870A1D47} = {44BB3401-6CC8-4AFF-9854-CE8D37225BF7}
		{C1A158C1-111C-4F40-BCD8-C9B812868A0E} = {44BB3401-6CC8-4AFF-9854-CE8D37225BF7}
	EndGlobalSection
	GlobalSection(ExtensibilityGlobals) = postSolution
		SolutionGuid = {8FCABBBD-B760-420A-9C94-DD45A38BB91F}
	EndGlobalSection
EndGlobal
